// !$*UTF8*$!
{
	archiveVersion = 1;
	classes = {
	};
	objectVersion = 46;
	objects = {

/* Begin PBXBuildFile section */
		115C0CAB18035BC5004E6CD7 /* proto-netbios.c in Sources */ = {isa = PBXBuildFile; fileRef = 115C0CA518035BC5004E6CD7 /* proto-netbios.c */; };
		115C0CAC18035BC5004E6CD7 /* proto-ssl.c in Sources */ = {isa = PBXBuildFile; fileRef = 115C0CA718035BC5004E6CD7 /* proto-ssl.c */; };
		11623F6A191E0DB00075EEE6 /* out-certs.c in Sources */ = {isa = PBXBuildFile; fileRef = 11623F69191E0DB00075EEE6 /* out-certs.c */; };
		11A50CAE191C128F006D5802 /* out-json.c in Sources */ = {isa = PBXBuildFile; fileRef = 11A50CAD191C128F006D5802 /* out-json.c */; };
		11A773EB1881BFC700B135DE /* crypto-base64.c in Sources */ = {isa = PBXBuildFile; fileRef = 11A773E91881BFC700B135DE /* crypto-base64.c */; };
		11A868151816F3A7008E00B8 /* in-binary.c in Sources */ = {isa = PBXBuildFile; fileRef = 11A868081816F3A7008E00B8 /* in-binary.c */; };
		11A868161816F3A7008E00B8 /* main-src.c in Sources */ = {isa = PBXBuildFile; fileRef = 11A8680B1816F3A7008E00B8 /* main-src.c */; };
		11A868171816F3A7008E00B8 /* masscan-app.c in Sources */ = {isa = PBXBuildFile; fileRef = 11A8680D1816F3A7008E00B8 /* masscan-app.c */; };
		11A868181816F3A7008E00B8 /* out-redis.c in Sources */ = {isa = PBXBuildFile; fileRef = 11A8680F1816F3A7008E00B8 /* out-redis.c */; };
		11A868191816F3A7008E00B8 /* pixie-file.c in Sources */ = {isa = PBXBuildFile; fileRef = 11A868101816F3A7008E00B8 /* pixie-file.c */; };
		11A8681A1816F3A7008E00B8 /* siphash24.c in Sources */ = {isa = PBXBuildFile; fileRef = 11A868131816F3A7008E00B8 /* siphash24.c */; };
		11A8681E1819A6F7008E00B8 /* proto-zeroaccess.c in Sources */ = {isa = PBXBuildFile; fileRef = 11A8681C1819A6F7008E00B8 /* proto-zeroaccess.c */; };
		11A921D517DBCC7E00DDFD32 /* event-timeout.c in Sources */ = {isa = PBXBuildFile; fileRef = 11A9219317DBCC7E00DDFD32 /* event-timeout.c */; };
		11A921D617DBCC7E00DDFD32 /* logger.c in Sources */ = {isa = PBXBuildFile; fileRef = 11A9219517DBCC7E00DDFD32 /* logger.c */; };
		11A921D717DBCC7E00DDFD32 /* main-conf.c in Sources */ = {isa = PBXBuildFile; fileRef = 11A9219717DBCC7E00DDFD32 /* main-conf.c */; };
		11A921D817DBCC7E00DDFD32 /* main-dedup.c in Sources */ = {isa = PBXBuildFile; fileRef = 11A9219817DBCC7E00DDFD32 /* main-dedup.c */; };
		11A921D917DBCC7E00DDFD32 /* main-initadapter.c in Sources */ = {isa = PBXBuildFile; fileRef = 11A9219A17DBCC7E00DDFD32 /* main-initadapter.c */; };
		11A921DA17DBCC7E00DDFD32 /* main-status.c in Sources */ = {isa = PBXBuildFile; fileRef = 11A9219B17DBCC7E00DDFD32 /* main-status.c */; };
		11A921DB17DBCC7E00DDFD32 /* main-throttle.c in Sources */ = {isa = PBXBuildFile; fileRef = 11A9219D17DBCC7E00DDFD32 /* main-throttle.c */; };
		11A921DC17DBCC7E00DDFD32 /* main.c in Sources */ = {isa = PBXBuildFile; fileRef = 11A9219F17DBCC7E00DDFD32 /* main.c */; };
		11A921DD17DBCC7E00DDFD32 /* out-binary.c in Sources */ = {isa = PBXBuildFile; fileRef = 11A921A117DBCC7E00DDFD32 /* out-binary.c */; };
		11A921DE17DBCC7E00DDFD32 /* out-null.c in Sources */ = {isa = PBXBuildFile; fileRef = 11A921A217DBCC7E00DDFD32 /* out-null.c */; };
		11A921DF17DBCC7E00DDFD32 /* out-text.c in Sources */ = {isa = PBXBuildFile; fileRef = 11A921A317DBCC7E00DDFD32 /* out-text.c */; };
		11A921E017DBCC7E00DDFD32 /* out-xml.c in Sources */ = {isa = PBXBuildFile; fileRef = 11A921A417DBCC7E00DDFD32 /* out-xml.c */; };
		11A921E117DBCC7E00DDFD32 /* output.c in Sources */ = {isa = PBXBuildFile; fileRef = 11A921A517DBCC7E00DDFD32 /* output.c */; };
		11A921E217DBCC7E00DDFD32 /* pixie-threads.c in Sources */ = {isa = PBXBuildFile; fileRef = 11A921A817DBCC7E00DDFD32 /* pixie-threads.c */; };
		11A921E317DBCC7E00DDFD32 /* pixie-timer.c in Sources */ = {isa = PBXBuildFile; fileRef = 11A921AA17DBCC7E00DDFD32 /* pixie-timer.c */; };
		11A921E417DBCC7E00DDFD32 /* proto-arp.c in Sources */ = {isa = PBXBuildFile; fileRef = 11A921AC17DBCC7E00DDFD32 /* proto-arp.c */; };
		11A921E517DBCC7E00DDFD32 /* proto-banner1.c in Sources */ = {isa = PBXBuildFile; fileRef = 11A921AE17DBCC7E00DDFD32 /* proto-banner1.c */; };
		11A921E617DBCC7E00DDFD32 /* proto-preprocess.c in Sources */ = {isa = PBXBuildFile; fileRef = 11A921B017DBCC7E00DDFD32 /* proto-preprocess.c */; };
		11A921E717DBCC7E00DDFD32 /* proto-tcp.c in Sources */ = {isa = PBXBuildFile; fileRef = 11A921B217DBCC7E00DDFD32 /* proto-tcp.c */; };
		11A921E817DBCC7E00DDFD32 /* rand-blackrock.c in Sources */ = {isa = PBXBuildFile; fileRef = 11A921B417DBCC7E00DDFD32 /* rand-blackrock.c */; };
		11A921E917DBCC7E00DDFD32 /* rand-lcg.c in Sources */ = {isa = PBXBuildFile; fileRef = 11A921B617DBCC7E00DDFD32 /* rand-lcg.c */; };
		11A921EA17DBCC7E00DDFD32 /* rand-primegen.c in Sources */ = {isa = PBXBuildFile; fileRef = 11A921B817DBCC7E00DDFD32 /* rand-primegen.c */; };
		11A921EB17DBCC7E00DDFD32 /* ranges.c in Sources */ = {isa = PBXBuildFile; fileRef = 11A921BA17DBCC7E00DDFD32 /* ranges.c */; };
		11A921EC17DBCC7E00DDFD32 /* rawsock-arp.c in Sources */ = {isa = PBXBuildFile; fileRef = 11A921BC17DBCC7E00DDFD32 /* rawsock-arp.c */; };
		11A921ED17DBCC7E00DDFD32 /* rawsock-getif.c in Sources */ = {isa = PBXBuildFile; fileRef = 11A921BD17DBCC7E00DDFD32 /* rawsock-getif.c */; };
		11A921EE17DBCC7E00DDFD32 /* rawsock-getip.c in Sources */ = {isa = PBXBuildFile; fileRef = 11A921BE17DBCC7E00DDFD32 /* rawsock-getip.c */; };
		11A921EF17DBCC7E00DDFD32 /* rawsock-getmac.c in Sources */ = {isa = PBXBuildFile; fileRef = 11A921BF17DBCC7E00DDFD32 /* rawsock-getmac.c */; };
		11A921F017DBCC7E00DDFD32 /* rawsock-getroute.c in Sources */ = {isa = PBXBuildFile; fileRef = 11A921C017DBCC7E00DDFD32 /* rawsock-getroute.c */; };
		11A921F117DBCC7E00DDFD32 /* rawsock-pcapfile.c in Sources */ = {isa = PBXBuildFile; fileRef = 11A921C117DBCC7E00DDFD32 /* rawsock-pcapfile.c */; };
		11A921F217DBCC7E00DDFD32 /* rawsock-pfring.c in Sources */ = {isa = PBXBuildFile; fileRef = 11A921C317DBCC7E00DDFD32 /* rawsock-pfring.c */; };
		11A921F317DBCC7E00DDFD32 /* rawsock.c in Sources */ = {isa = PBXBuildFile; fileRef = 11A921C517DBCC7E00DDFD32 /* rawsock.c */; };
		11A921F417DBCC7E00DDFD32 /* rte-ring.c in Sources */ = {isa = PBXBuildFile; fileRef = 11A921C717DBCC7E00DDFD32 /* rte-ring.c */; };
		11A921F517DBCC7E00DDFD32 /* smack1.c in Sources */ = {isa = PBXBuildFile; fileRef = 11A921CA17DBCC7E00DDFD32 /* smack1.c */; };
		11A921F617DBCC7E00DDFD32 /* smackqueue.c in Sources */ = {isa = PBXBuildFile; fileRef = 11A921CB17DBCC7E00DDFD32 /* smackqueue.c */; };
		11A921F717DBCC7E00DDFD32 /* string_s.c in Sources */ = {isa = PBXBuildFile; fileRef = 11A921CD17DBCC7E00DDFD32 /* string_s.c */; };
		11A921F817DBCC7E00DDFD32 /* syn-cookie.c in Sources */ = {isa = PBXBuildFile; fileRef = 11A921CF17DBCC7E00DDFD32 /* syn-cookie.c */; };
		11A921F917DBCC7E00DDFD32 /* templ-pkt.c in Sources */ = {isa = PBXBuildFile; fileRef = 11A921D117DBCC7E00DDFD32 /* templ-pkt.c */; };
		11A921FA17DBCC7E00DDFD32 /* xring.c in Sources */ = {isa = PBXBuildFile; fileRef = 11A921D317DBCC7E00DDFD32 /* xring.c */; };
		11AC2F9B188CE34A008CB623 /* proto-sctp.c in Sources */ = {isa = PBXBuildFile; fileRef = 11AC2F99188CE34A008CB623 /* proto-sctp.c */; };
		11AC80ED17E0DAD4001BCE3A /* proto-http.c in Sources */ = {isa = PBXBuildFile; fileRef = 11AC80E717E0DAD4001BCE3A /* proto-http.c */; };
		11AC80EE17E0DAD4001BCE3A /* proto-icmp.c in Sources */ = {isa = PBXBuildFile; fileRef = 11AC80E917E0DAD4001BCE3A /* proto-icmp.c */; };
		11AC80EF17E0DAD4001BCE3A /* proto-ssh.c in Sources */ = {isa = PBXBuildFile; fileRef = 11AC80EB17E0DAD4001BCE3A /* proto-ssh.c */; };
		11AC80F617E0ED47001BCE3A /* main-ptrace.c in Sources */ = {isa = PBXBuildFile; fileRef = 11AC80F517E0ED47001BCE3A /* main-ptrace.c */; };
		11B039C117E506B400925E7E /* main-listscan.c in Sources */ = {isa = PBXBuildFile; fileRef = 11B039C017E506B400925E7E /* main-listscan.c */; };
		11B039C717E7834000925E7E /* proto-dns.c in Sources */ = {isa = PBXBuildFile; fileRef = 11B039C317E7834000925E7E /* proto-dns.c */; };
		11B039C817E7834000925E7E /* proto-udp.c in Sources */ = {isa = PBXBuildFile; fileRef = 11B039C517E7834000925E7E /* proto-udp.c */; };
		11B039CB17EA092B00925E7E /* proto-snmp.c in Sources */ = {isa = PBXBuildFile; fileRef = 11B039C917EA092B00925E7E /* proto-snmp.c */; };
		11B05EA618B9649F009C935E /* crypto-blackrock2.c in Sources */ = {isa = PBXBuildFile; fileRef = 11B05EA418B9649F009C935E /* crypto-blackrock2.c */; };
		11B05EA718B9649F009C935E /* main-readrange.c in Sources */ = {isa = PBXBuildFile; fileRef = 11B05EA518B9649F009C935E /* main-readrange.c */; };
		11B22ED518641DCC00DA5438 /* proto-banout.c in Sources */ = {isa = PBXBuildFile; fileRef = 11B22ED018641DCC00DA5438 /* proto-banout.c */; };
		11B22ED618641DCC00DA5438 /* proto-ssl-test.c in Sources */ = {isa = PBXBuildFile; fileRef = 11B22ED218641DCC00DA5438 /* proto-ssl-test.c */; };
		11B22ED718641DCC00DA5438 /* proto-x509.c in Sources */ = {isa = PBXBuildFile; fileRef = 11B22ED318641DCC00DA5438 /* proto-x509.c */; };
		11B2DD9E17DE4DD8007FC363 /* templ-payloads.c in Sources */ = {isa = PBXBuildFile; fileRef = 11B2DD9C17DE4DD8007FC363 /* templ-payloads.c */; };
		11BA296218902CEE0064A759 /* out-grepable.c in Sources */ = {isa = PBXBuildFile; fileRef = 11BA295F18902CEE0064A759 /* out-grepable.c */; };
		11BA296318902CEE0064A759 /* proto-tcp-telnet.c in Sources */ = {isa = PBXBuildFile; fileRef = 11BA296018902CEE0064A759 /* proto-tcp-telnet.c */; };
		11BA2967189055CA0064A759 /* script.c in Sources */ = {isa = PBXBuildFile; fileRef = 11BA2966189055CA0064A759 /* script.c */; };
		11BA29691890560C0064A759 /* script-ntp-monlist.c in Sources */ = {isa = PBXBuildFile; fileRef = 11BA29681890560C0064A759 /* script-ntp-monlist.c */; };
		11BA296B189060220064A759 /* proto-ntp.c in Sources */ = {isa = PBXBuildFile; fileRef = 11BA296A189060220064A759 /* proto-ntp.c */; };
		11E76DB41889BC5200061F45 /* pixie-backtrace.c in Sources */ = {isa = PBXBuildFile; fileRef = 11E76DB21889BC5200061F45 /* pixie-backtrace.c */; };
/* End PBXBuildFile section */

/* Begin PBXCopyFilesBuildPhase section */
		11A9218317DBCB3200DDFD32 /* CopyFiles */ = {
			isa = PBXCopyFilesBuildPhase;
			buildActionMask = 2147483647;
			dstPath = /usr/share/man/man1/;
			dstSubfolderSpec = 0;
			files = (
			);
			runOnlyForDeploymentPostprocessing = 1;
		};
/* End PBXCopyFilesBuildPhase section */

/* Begin PBXFileReference section */
		113AD3B818208A1900D5E067 /* masscan-status.h */ = {isa = PBXFileReference; lastKnownFileType = sourcecode.c.h; path = "masscan-status.h"; sourceTree = "<group>"; };
		115C0CA318035BC5004E6CD7 /* out-record.h */ = {isa = PBXFileReference; fileEncoding = 4; lastKnownFileType = sourcecode.c.h; path = "out-record.h"; sourceTree = "<group>"; };
		115C0CA418035BC5004E6CD7 /* proto-dns-parse.h */ = {isa = PBXFileReference; fileEncoding = 4; lastKnownFileType = sourcecode.c.h; path = "proto-dns-parse.h"; sourceTree = "<group>"; };
		115C0CA518035BC5004E6CD7 /* proto-netbios.c */ = {isa = PBXFileReference; fileEncoding = 4; lastKnownFileType = sourcecode.c.c; path = "proto-netbios.c"; sourceTree = "<group>"; };
		115C0CA618035BC5004E6CD7 /* proto-netbios.h */ = {isa = PBXFileReference; fileEncoding = 4; lastKnownFileType = sourcecode.c.h; path = "proto-netbios.h"; sourceTree = "<group>"; };
		115C0CA718035BC5004E6CD7 /* proto-ssl.c */ = {isa = PBXFileReference; fileEncoding = 4; lastKnownFileType = sourcecode.c.c; path = "proto-ssl.c"; sourceTree = "<group>"; };
		115C0CA818035BC5004E6CD7 /* proto-ssl.h */ = {isa = PBXFileReference; fileEncoding = 4; lastKnownFileType = sourcecode.c.h; path = "proto-ssl.h"; sourceTree = "<group>"; };
		115C0CA918035BC5004E6CD7 /* templ-port.h */ = {isa = PBXFileReference; fileEncoding = 4; lastKnownFileType = sourcecode.c.h; path = "templ-port.h"; sourceTree = "<group>"; };
		115C0CAA18035BC5004E6CD7 /* unusedparm.h */ = {isa = PBXFileReference; fileEncoding = 4; lastKnownFileType = sourcecode.c.h; path = unusedparm.h; sourceTree = "<group>"; };
		11623F69191E0DB00075EEE6 /* out-certs.c */ = {isa = PBXFileReference; fileEncoding = 4; lastKnownFileType = sourcecode.c.c; path = "out-certs.c"; sourceTree = "<group>"; };
		11A50CAD191C128F006D5802 /* out-json.c */ = {isa = PBXFileReference; fileEncoding = 4; lastKnownFileType = sourcecode.c.c; path = "out-json.c"; sourceTree = "<group>"; };
		11A773E91881BFC700B135DE /* crypto-base64.c */ = {isa = PBXFileReference; fileEncoding = 4; lastKnownFileType = sourcecode.c.c; path = "crypto-base64.c"; sourceTree = "<group>"; };
		11A773EA1881BFC700B135DE /* crypto-base64.h */ = {isa = PBXFileReference; fileEncoding = 4; lastKnownFileType = sourcecode.c.h; path = "crypto-base64.h"; sourceTree = "<group>"; };
		11A868081816F3A7008E00B8 /* in-binary.c */ = {isa = PBXFileReference; fileEncoding = 4; lastKnownFileType = sourcecode.c.c; path = "in-binary.c"; sourceTree = "<group>"; };
		11A868091816F3A7008E00B8 /* in-binary.h */ = {isa = PBXFileReference; fileEncoding = 4; lastKnownFileType = sourcecode.c.h; path = "in-binary.h"; sourceTree = "<group>"; };
		11A8680A1816F3A7008E00B8 /* main-globals.h */ = {isa = PBXFileReference; fileEncoding = 4; lastKnownFileType = sourcecode.c.h; path = "main-globals.h"; sourceTree = "<group>"; };
		11A8680B1816F3A7008E00B8 /* main-src.c */ = {isa = PBXFileReference; fileEncoding = 4; lastKnownFileType = sourcecode.c.c; path = "main-src.c"; sourceTree = "<group>"; };
		11A8680C1816F3A7008E00B8 /* main-src.h */ = {isa = PBXFileReference; fileEncoding = 4; lastKnownFileType = sourcecode.c.h; path = "main-src.h"; sourceTree = "<group>"; };
		11A8680D1816F3A7008E00B8 /* masscan-app.c */ = {isa = PBXFileReference; fileEncoding = 4; lastKnownFileType = sourcecode.c.c; path = "masscan-app.c"; sourceTree = "<group>"; };
		11A8680E1816F3A7008E00B8 /* masscan-app.h */ = {isa = PBXFileReference; fileEncoding = 4; lastKnownFileType = sourcecode.c.h; path = "masscan-app.h"; sourceTree = "<group>"; };
		11A8680F1816F3A7008E00B8 /* out-redis.c */ = {isa = PBXFileReference; fileEncoding = 4; lastKnownFileType = sourcecode.c.c; path = "out-redis.c"; sourceTree = "<group>"; };
		11A868101816F3A7008E00B8 /* pixie-file.c */ = {isa = PBXFileReference; fileEncoding = 4; lastKnownFileType = sourcecode.c.c; path = "pixie-file.c"; sourceTree = "<group>"; };
		11A868111816F3A7008E00B8 /* pixie-file.h */ = {isa = PBXFileReference; fileEncoding = 4; lastKnownFileType = sourcecode.c.h; path = "pixie-file.h"; sourceTree = "<group>"; };
		11A868121816F3A7008E00B8 /* pixie-sockets.h */ = {isa = PBXFileReference; fileEncoding = 4; lastKnownFileType = sourcecode.c.h; path = "pixie-sockets.h"; sourceTree = "<group>"; };
		11A868131816F3A7008E00B8 /* siphash24.c */ = {isa = PBXFileReference; fileEncoding = 4; lastKnownFileType = sourcecode.c.c; path = siphash24.c; sourceTree = "<group>"; };
		11A868141816F3A7008E00B8 /* siphash24.h */ = {isa = PBXFileReference; fileEncoding = 4; lastKnownFileType = sourcecode.c.h; path = siphash24.h; sourceTree = "<group>"; };
		11A8681C1819A6F7008E00B8 /* proto-zeroaccess.c */ = {isa = PBXFileReference; fileEncoding = 4; lastKnownFileType = sourcecode.c.c; path = "proto-zeroaccess.c"; sourceTree = "<group>"; };
		11A8681D1819A6F7008E00B8 /* proto-zeroaccess.h */ = {isa = PBXFileReference; fileEncoding = 4; lastKnownFileType = sourcecode.c.h; path = "proto-zeroaccess.h"; sourceTree = "<group>"; };
		11A9218517DBCB3200DDFD32 /* masscan */ = {isa = PBXFileReference; explicitFileType = "compiled.mach-o.executable"; includeInIndex = 0; path = masscan; sourceTree = BUILT_PRODUCTS_DIR; };
		11A9219317DBCC7E00DDFD32 /* event-timeout.c */ = {isa = PBXFileReference; fileEncoding = 4; lastKnownFileType = sourcecode.c.c; path = "event-timeout.c"; sourceTree = "<group>"; };
		11A9219417DBCC7E00DDFD32 /* event-timeout.h */ = {isa = PBXFileReference; fileEncoding = 4; lastKnownFileType = sourcecode.c.h; path = "event-timeout.h"; sourceTree = "<group>"; };
		11A9219517DBCC7E00DDFD32 /* logger.c */ = {isa = PBXFileReference; fileEncoding = 4; lastKnownFileType = sourcecode.c.c; path = logger.c; sourceTree = "<group>"; };
		11A9219617DBCC7E00DDFD32 /* logger.h */ = {isa = PBXFileReference; fileEncoding = 4; lastKnownFileType = sourcecode.c.h; path = logger.h; sourceTree = "<group>"; };
		11A9219717DBCC7E00DDFD32 /* main-conf.c */ = {isa = PBXFileReference; fileEncoding = 4; lastKnownFileType = sourcecode.c.c; path = "main-conf.c"; sourceTree = "<group>"; };
		11A9219817DBCC7E00DDFD32 /* main-dedup.c */ = {isa = PBXFileReference; fileEncoding = 4; lastKnownFileType = sourcecode.c.c; path = "main-dedup.c"; sourceTree = "<group>"; };
		11A9219917DBCC7E00DDFD32 /* main-dedup.h */ = {isa = PBXFileReference; fileEncoding = 4; lastKnownFileType = sourcecode.c.h; path = "main-dedup.h"; sourceTree = "<group>"; };
		11A9219A17DBCC7E00DDFD32 /* main-initadapter.c */ = {isa = PBXFileReference; fileEncoding = 4; lastKnownFileType = sourcecode.c.c; path = "main-initadapter.c"; sourceTree = "<group>"; };
		11A9219B17DBCC7E00DDFD32 /* main-status.c */ = {isa = PBXFileReference; fileEncoding = 4; lastKnownFileType = sourcecode.c.c; path = "main-status.c"; sourceTree = "<group>"; };
		11A9219C17DBCC7E00DDFD32 /* main-status.h */ = {isa = PBXFileReference; fileEncoding = 4; lastKnownFileType = sourcecode.c.h; path = "main-status.h"; sourceTree = "<group>"; };
		11A9219D17DBCC7E00DDFD32 /* main-throttle.c */ = {isa = PBXFileReference; fileEncoding = 4; lastKnownFileType = sourcecode.c.c; path = "main-throttle.c"; sourceTree = "<group>"; };
		11A9219E17DBCC7E00DDFD32 /* main-throttle.h */ = {isa = PBXFileReference; fileEncoding = 4; lastKnownFileType = sourcecode.c.h; path = "main-throttle.h"; sourceTree = "<group>"; };
		11A9219F17DBCC7E00DDFD32 /* main.c */ = {isa = PBXFileReference; fileEncoding = 4; lastKnownFileType = sourcecode.c.c; path = main.c; sourceTree = "<group>"; };
		11A921A017DBCC7E00DDFD32 /* masscan.h */ = {isa = PBXFileReference; fileEncoding = 4; lastKnownFileType = sourcecode.c.h; path = masscan.h; sourceTree = "<group>"; };
		11A921A117DBCC7E00DDFD32 /* out-binary.c */ = {isa = PBXFileReference; fileEncoding = 4; lastKnownFileType = sourcecode.c.c; path = "out-binary.c"; sourceTree = "<group>"; };
		11A921A217DBCC7E00DDFD32 /* out-null.c */ = {isa = PBXFileReference; fileEncoding = 4; lastKnownFileType = sourcecode.c.c; path = "out-null.c"; sourceTree = "<group>"; };
		11A921A317DBCC7E00DDFD32 /* out-text.c */ = {isa = PBXFileReference; fileEncoding = 4; lastKnownFileType = sourcecode.c.c; path = "out-text.c"; sourceTree = "<group>"; };
		11A921A417DBCC7E00DDFD32 /* out-xml.c */ = {isa = PBXFileReference; fileEncoding = 4; lastKnownFileType = sourcecode.c.c; path = "out-xml.c"; sourceTree = "<group>"; };
		11A921A517DBCC7E00DDFD32 /* output.c */ = {isa = PBXFileReference; fileEncoding = 4; lastKnownFileType = sourcecode.c.c; path = output.c; sourceTree = "<group>"; };
		11A921A617DBCC7E00DDFD32 /* output.h */ = {isa = PBXFileReference; fileEncoding = 4; lastKnownFileType = sourcecode.c.h; path = output.h; sourceTree = "<group>"; };
		11A921A717DBCC7E00DDFD32 /* packet-queue.h */ = {isa = PBXFileReference; fileEncoding = 4; lastKnownFileType = sourcecode.c.h; path = "packet-queue.h"; sourceTree = "<group>"; };
		11A921A817DBCC7E00DDFD32 /* pixie-threads.c */ = {isa = PBXFileReference; fileEncoding = 4; lastKnownFileType = sourcecode.c.c; path = "pixie-threads.c"; sourceTree = "<group>"; };
		11A921A917DBCC7E00DDFD32 /* pixie-threads.h */ = {isa = PBXFileReference; fileEncoding = 4; lastKnownFileType = sourcecode.c.h; path = "pixie-threads.h"; sourceTree = "<group>"; };
		11A921AA17DBCC7E00DDFD32 /* pixie-timer.c */ = {isa = PBXFileReference; fileEncoding = 4; lastKnownFileType = sourcecode.c.c; path = "pixie-timer.c"; sourceTree = "<group>"; };
		11A921AB17DBCC7E00DDFD32 /* pixie-timer.h */ = {isa = PBXFileReference; fileEncoding = 4; lastKnownFileType = sourcecode.c.h; path = "pixie-timer.h"; sourceTree = "<group>"; };
		11A921AC17DBCC7E00DDFD32 /* proto-arp.c */ = {isa = PBXFileReference; fileEncoding = 4; lastKnownFileType = sourcecode.c.c; path = "proto-arp.c"; sourceTree = "<group>"; };
		11A921AD17DBCC7E00DDFD32 /* proto-arp.h */ = {isa = PBXFileReference; fileEncoding = 4; lastKnownFileType = sourcecode.c.h; path = "proto-arp.h"; sourceTree = "<group>"; };
		11A921AE17DBCC7E00DDFD32 /* proto-banner1.c */ = {isa = PBXFileReference; fileEncoding = 4; lastKnownFileType = sourcecode.c.c; path = "proto-banner1.c"; sourceTree = "<group>"; };
		11A921AF17DBCC7E00DDFD32 /* proto-banner1.h */ = {isa = PBXFileReference; fileEncoding = 4; lastKnownFileType = sourcecode.c.h; path = "proto-banner1.h"; sourceTree = "<group>"; };
		11A921B017DBCC7E00DDFD32 /* proto-preprocess.c */ = {isa = PBXFileReference; fileEncoding = 4; lastKnownFileType = sourcecode.c.c; path = "proto-preprocess.c"; sourceTree = "<group>"; };
		11A921B117DBCC7E00DDFD32 /* proto-preprocess.h */ = {isa = PBXFileReference; fileEncoding = 4; lastKnownFileType = sourcecode.c.h; path = "proto-preprocess.h"; sourceTree = "<group>"; };
		11A921B217DBCC7E00DDFD32 /* proto-tcp.c */ = {isa = PBXFileReference; fileEncoding = 4; lastKnownFileType = sourcecode.c.c; path = "proto-tcp.c"; sourceTree = "<group>"; };
		11A921B317DBCC7E00DDFD32 /* proto-tcp.h */ = {isa = PBXFileReference; fileEncoding = 4; lastKnownFileType = sourcecode.c.h; path = "proto-tcp.h"; sourceTree = "<group>"; };
		11A921B417DBCC7E00DDFD32 /* rand-blackrock.c */ = {isa = PBXFileReference; fileEncoding = 4; lastKnownFileType = sourcecode.c.c; path = "rand-blackrock.c"; sourceTree = "<group>"; };
		11A921B517DBCC7E00DDFD32 /* rand-blackrock.h */ = {isa = PBXFileReference; fileEncoding = 4; lastKnownFileType = sourcecode.c.h; path = "rand-blackrock.h"; sourceTree = "<group>"; };
		11A921B617DBCC7E00DDFD32 /* rand-lcg.c */ = {isa = PBXFileReference; fileEncoding = 4; lastKnownFileType = sourcecode.c.c; path = "rand-lcg.c"; sourceTree = "<group>"; };
		11A921B717DBCC7E00DDFD32 /* rand-lcg.h */ = {isa = PBXFileReference; fileEncoding = 4; lastKnownFileType = sourcecode.c.h; path = "rand-lcg.h"; sourceTree = "<group>"; };
		11A921B817DBCC7E00DDFD32 /* rand-primegen.c */ = {isa = PBXFileReference; fileEncoding = 4; lastKnownFileType = sourcecode.c.c; path = "rand-primegen.c"; sourceTree = "<group>"; };
		11A921B917DBCC7E00DDFD32 /* rand-primegen.h */ = {isa = PBXFileReference; fileEncoding = 4; lastKnownFileType = sourcecode.c.h; path = "rand-primegen.h"; sourceTree = "<group>"; };
		11A921BA17DBCC7E00DDFD32 /* ranges.c */ = {isa = PBXFileReference; fileEncoding = 4; lastKnownFileType = sourcecode.c.c; path = ranges.c; sourceTree = "<group>"; };
		11A921BB17DBCC7E00DDFD32 /* ranges.h */ = {isa = PBXFileReference; fileEncoding = 4; lastKnownFileType = sourcecode.c.h; path = ranges.h; sourceTree = "<group>"; };
		11A921BC17DBCC7E00DDFD32 /* rawsock-arp.c */ = {isa = PBXFileReference; fileEncoding = 4; lastKnownFileType = sourcecode.c.c; path = "rawsock-arp.c"; sourceTree = "<group>"; };
		11A921BD17DBCC7E00DDFD32 /* rawsock-getif.c */ = {isa = PBXFileReference; fileEncoding = 4; lastKnownFileType = sourcecode.c.c; path = "rawsock-getif.c"; sourceTree = "<group>"; };
		11A921BE17DBCC7E00DDFD32 /* rawsock-getip.c */ = {isa = PBXFileReference; fileEncoding = 4; lastKnownFileType = sourcecode.c.c; path = "rawsock-getip.c"; sourceTree = "<group>"; };
		11A921BF17DBCC7E00DDFD32 /* rawsock-getmac.c */ = {isa = PBXFileReference; fileEncoding = 4; lastKnownFileType = sourcecode.c.c; path = "rawsock-getmac.c"; sourceTree = "<group>"; };
		11A921C017DBCC7E00DDFD32 /* rawsock-getroute.c */ = {isa = PBXFileReference; fileEncoding = 4; lastKnownFileType = sourcecode.c.c; path = "rawsock-getroute.c"; sourceTree = "<group>"; };
		11A921C117DBCC7E00DDFD32 /* rawsock-pcapfile.c */ = {isa = PBXFileReference; fileEncoding = 4; lastKnownFileType = sourcecode.c.c; path = "rawsock-pcapfile.c"; sourceTree = "<group>"; };
		11A921C217DBCC7E00DDFD32 /* rawsock-pcapfile.h */ = {isa = PBXFileReference; fileEncoding = 4; lastKnownFileType = sourcecode.c.h; path = "rawsock-pcapfile.h"; sourceTree = "<group>"; };
		11A921C317DBCC7E00DDFD32 /* rawsock-pfring.c */ = {isa = PBXFileReference; fileEncoding = 4; lastKnownFileType = sourcecode.c.c; path = "rawsock-pfring.c"; sourceTree = "<group>"; };
		11A921C417DBCC7E00DDFD32 /* rawsock-pfring.h */ = {isa = PBXFileReference; fileEncoding = 4; lastKnownFileType = sourcecode.c.h; path = "rawsock-pfring.h"; sourceTree = "<group>"; };
		11A921C517DBCC7E00DDFD32 /* rawsock.c */ = {isa = PBXFileReference; fileEncoding = 4; lastKnownFileType = sourcecode.c.c; path = rawsock.c; sourceTree = "<group>"; };
		11A921C617DBCC7E00DDFD32 /* rawsock.h */ = {isa = PBXFileReference; fileEncoding = 4; lastKnownFileType = sourcecode.c.h; path = rawsock.h; sourceTree = "<group>"; };
		11A921C717DBCC7E00DDFD32 /* rte-ring.c */ = {isa = PBXFileReference; fileEncoding = 4; lastKnownFileType = sourcecode.c.c; path = "rte-ring.c"; sourceTree = "<group>"; };
		11A921C817DBCC7E00DDFD32 /* rte-ring.h */ = {isa = PBXFileReference; fileEncoding = 4; lastKnownFileType = sourcecode.c.h; path = "rte-ring.h"; sourceTree = "<group>"; };
		11A921C917DBCC7E00DDFD32 /* smack.h */ = {isa = PBXFileReference; fileEncoding = 4; lastKnownFileType = sourcecode.c.h; path = smack.h; sourceTree = "<group>"; };
		11A921CA17DBCC7E00DDFD32 /* smack1.c */ = {isa = PBXFileReference; fileEncoding = 4; lastKnownFileType = sourcecode.c.c; path = smack1.c; sourceTree = "<group>"; };
		11A921CB17DBCC7E00DDFD32 /* smackqueue.c */ = {isa = PBXFileReference; fileEncoding = 4; lastKnownFileType = sourcecode.c.c; path = smackqueue.c; sourceTree = "<group>"; };
		11A921CC17DBCC7E00DDFD32 /* smackqueue.h */ = {isa = PBXFileReference; fileEncoding = 4; lastKnownFileType = sourcecode.c.h; path = smackqueue.h; sourceTree = "<group>"; };
		11A921CD17DBCC7E00DDFD32 /* string_s.c */ = {isa = PBXFileReference; fileEncoding = 4; lastKnownFileType = sourcecode.c.c; path = string_s.c; sourceTree = "<group>"; };
		11A921CE17DBCC7E00DDFD32 /* string_s.h */ = {isa = PBXFileReference; fileEncoding = 4; lastKnownFileType = sourcecode.c.h; path = string_s.h; sourceTree = "<group>"; };
		11A921CF17DBCC7E00DDFD32 /* syn-cookie.c */ = {isa = PBXFileReference; fileEncoding = 4; lastKnownFileType = sourcecode.c.c; path = "syn-cookie.c"; sourceTree = "<group>"; };
		11A921D017DBCC7E00DDFD32 /* syn-cookie.h */ = {isa = PBXFileReference; fileEncoding = 4; lastKnownFileType = sourcecode.c.h; path = "syn-cookie.h"; sourceTree = "<group>"; };
		11A921D117DBCC7E00DDFD32 /* templ-pkt.c */ = {isa = PBXFileReference; fileEncoding = 4; lastKnownFileType = sourcecode.c.c; path = "templ-pkt.c"; sourceTree = "<group>"; };
		11A921D217DBCC7E00DDFD32 /* templ-pkt.h */ = {isa = PBXFileReference; fileEncoding = 4; lastKnownFileType = sourcecode.c.h; path = "templ-pkt.h"; sourceTree = "<group>"; };
		11A921D317DBCC7E00DDFD32 /* xring.c */ = {isa = PBXFileReference; fileEncoding = 4; lastKnownFileType = sourcecode.c.c; path = xring.c; sourceTree = "<group>"; };
		11A921D417DBCC7E00DDFD32 /* xring.h */ = {isa = PBXFileReference; fileEncoding = 4; lastKnownFileType = sourcecode.c.h; path = xring.h; sourceTree = "<group>"; };
		11A921FB17DBD17600DDFD32 /* README.md */ = {isa = PBXFileReference; fileEncoding = 4; lastKnownFileType = text; name = README.md; path = ../README.md; sourceTree = "<group>"; };
		11AC2F99188CE34A008CB623 /* proto-sctp.c */ = {isa = PBXFileReference; fileEncoding = 4; lastKnownFileType = sourcecode.c.c; path = "proto-sctp.c"; sourceTree = "<group>"; };
		11AC2F9A188CE34A008CB623 /* proto-sctp.h */ = {isa = PBXFileReference; fileEncoding = 4; lastKnownFileType = sourcecode.c.h; path = "proto-sctp.h"; sourceTree = "<group>"; };
		11AC80E717E0DAD4001BCE3A /* proto-http.c */ = {isa = PBXFileReference; fileEncoding = 4; lastKnownFileType = sourcecode.c.c; path = "proto-http.c"; sourceTree = "<group>"; };
		11AC80E817E0DAD4001BCE3A /* proto-http.h */ = {isa = PBXFileReference; fileEncoding = 4; lastKnownFileType = sourcecode.c.h; path = "proto-http.h"; sourceTree = "<group>"; };
		11AC80E917E0DAD4001BCE3A /* proto-icmp.c */ = {isa = PBXFileReference; fileEncoding = 4; lastKnownFileType = sourcecode.c.c; path = "proto-icmp.c"; sourceTree = "<group>"; };
		11AC80EA17E0DAD4001BCE3A /* proto-icmp.h */ = {isa = PBXFileReference; fileEncoding = 4; lastKnownFileType = sourcecode.c.h; path = "proto-icmp.h"; sourceTree = "<group>"; };
		11AC80EB17E0DAD4001BCE3A /* proto-ssh.c */ = {isa = PBXFileReference; fileEncoding = 4; lastKnownFileType = sourcecode.c.c; path = "proto-ssh.c"; sourceTree = "<group>"; };
		11AC80EC17E0DAD4001BCE3A /* proto-ssh.h */ = {isa = PBXFileReference; fileEncoding = 4; lastKnownFileType = sourcecode.c.h; path = "proto-ssh.h"; sourceTree = "<group>"; };
		11AC80F517E0ED47001BCE3A /* main-ptrace.c */ = {isa = PBXFileReference; fileEncoding = 4; lastKnownFileType = sourcecode.c.c; path = "main-ptrace.c"; sourceTree = "<group>"; };
		11AC80F817E0EDA7001BCE3A /* main-ptrace.h */ = {isa = PBXFileReference; lastKnownFileType = sourcecode.c.h; path = "main-ptrace.h"; sourceTree = "<group>"; };
		11B039C017E506B400925E7E /* main-listscan.c */ = {isa = PBXFileReference; fileEncoding = 4; lastKnownFileType = sourcecode.c.c; path = "main-listscan.c"; sourceTree = "<group>"; };
		11B039C317E7834000925E7E /* proto-dns.c */ = {isa = PBXFileReference; fileEncoding = 4; lastKnownFileType = sourcecode.c.c; path = "proto-dns.c"; sourceTree = "<group>"; };
		11B039C417E7834000925E7E /* proto-dns.h */ = {isa = PBXFileReference; fileEncoding = 4; lastKnownFileType = sourcecode.c.h; path = "proto-dns.h"; sourceTree = "<group>"; };
		11B039C517E7834000925E7E /* proto-udp.c */ = {isa = PBXFileReference; fileEncoding = 4; lastKnownFileType = sourcecode.c.c; path = "proto-udp.c"; sourceTree = "<group>"; };
		11B039C617E7834000925E7E /* proto-udp.h */ = {isa = PBXFileReference; fileEncoding = 4; lastKnownFileType = sourcecode.c.h; path = "proto-udp.h"; sourceTree = "<group>"; };
		11B039C917EA092B00925E7E /* proto-snmp.c */ = {isa = PBXFileReference; fileEncoding = 4; lastKnownFileType = sourcecode.c.c; path = "proto-snmp.c"; sourceTree = "<group>"; };
		11B039CA17EA092B00925E7E /* proto-snmp.h */ = {isa = PBXFileReference; fileEncoding = 4; lastKnownFileType = sourcecode.c.h; path = "proto-snmp.h"; sourceTree = "<group>"; };
		11B05EA418B9649F009C935E /* crypto-blackrock2.c */ = {isa = PBXFileReference; fileEncoding = 4; lastKnownFileType = sourcecode.c.c; path = "crypto-blackrock2.c"; sourceTree = "<group>"; };
		11B05EA518B9649F009C935E /* main-readrange.c */ = {isa = PBXFileReference; fileEncoding = 4; lastKnownFileType = sourcecode.c.c; path = "main-readrange.c"; sourceTree = "<group>"; };
		11B05EA918B964A9009C935E /* main-readrange.h */ = {isa = PBXFileReference; fileEncoding = 4; lastKnownFileType = sourcecode.c.h; path = "main-readrange.h"; sourceTree = "<group>"; };
		11B22ED018641DCC00DA5438 /* proto-banout.c */ = {isa = PBXFileReference; fileEncoding = 4; lastKnownFileType = sourcecode.c.c; path = "proto-banout.c"; sourceTree = "<group>"; };
		11B22ED118641DCC00DA5438 /* proto-banout.h */ = {isa = PBXFileReference; fileEncoding = 4; lastKnownFileType = sourcecode.c.h; path = "proto-banout.h"; sourceTree = "<group>"; };
		11B22ED218641DCC00DA5438 /* proto-ssl-test.c */ = {isa = PBXFileReference; fileEncoding = 4; lastKnownFileType = sourcecode.c.c; path = "proto-ssl-test.c"; sourceTree = "<group>"; };
		11B22ED318641DCC00DA5438 /* proto-x509.c */ = {isa = PBXFileReference; fileEncoding = 4; lastKnownFileType = sourcecode.c.c; path = "proto-x509.c"; sourceTree = "<group>"; };
		11B22ED418641DCC00DA5438 /* proto-x509.h */ = {isa = PBXFileReference; fileEncoding = 4; lastKnownFileType = sourcecode.c.h; path = "proto-x509.h"; sourceTree = "<group>"; };
		11B2DD9C17DE4DD8007FC363 /* templ-payloads.c */ = {isa = PBXFileReference; fileEncoding = 4; lastKnownFileType = sourcecode.c.c; path = "templ-payloads.c"; sourceTree = "<group>"; };
		11B2DD9D17DE4DD8007FC363 /* templ-payloads.h */ = {isa = PBXFileReference; fileEncoding = 4; lastKnownFileType = sourcecode.c.h; path = "templ-payloads.h"; sourceTree = "<group>"; };
		11BA295E18902CEE0064A759 /* masscan-version.h */ = {isa = PBXFileReference; fileEncoding = 4; lastKnownFileType = sourcecode.c.h; path = "masscan-version.h"; sourceTree = "<group>"; };
		11BA295F18902CEE0064A759 /* out-grepable.c */ = {isa = PBXFileReference; fileEncoding = 4; lastKnownFileType = sourcecode.c.c; path = "out-grepable.c"; sourceTree = "<group>"; };
		11BA296018902CEE0064A759 /* proto-tcp-telnet.c */ = {isa = PBXFileReference; fileEncoding = 4; lastKnownFileType = sourcecode.c.c; path = "proto-tcp-telnet.c"; sourceTree = "<group>"; };
		11BA296118902CEE0064A759 /* proto-tcp-telnet.h */ = {isa = PBXFileReference; fileEncoding = 4; lastKnownFileType = sourcecode.c.h; path = "proto-tcp-telnet.h"; sourceTree = "<group>"; };
		11BA296518904F3A0064A759 /* script.h */ = {isa = PBXFileReference; lastKnownFileType = sourcecode.c.h; path = script.h; sourceTree = "<group>"; };
		11BA2966189055CA0064A759 /* script.c */ = {isa = PBXFileReference; fileEncoding = 4; lastKnownFileType = sourcecode.c.c; path = script.c; sourceTree = "<group>"; };
		11BA29681890560C0064A759 /* script-ntp-monlist.c */ = {isa = PBXFileReference; fileEncoding = 4; lastKnownFileType = sourcecode.c.c; path = "script-ntp-monlist.c"; sourceTree = "<group>"; };
		11BA296A189060220064A759 /* proto-ntp.c */ = {isa = PBXFileReference; fileEncoding = 4; lastKnownFileType = sourcecode.c.c; path = "proto-ntp.c"; sourceTree = "<group>"; };
		11BA296C189060590064A759 /* proto-ntp.h */ = {isa = PBXFileReference; lastKnownFileType = sourcecode.c.h; path = "proto-ntp.h"; sourceTree = "<group>"; };
		11E76DB21889BC5200061F45 /* pixie-backtrace.c */ = {isa = PBXFileReference; fileEncoding = 4; lastKnownFileType = sourcecode.c.c; path = "pixie-backtrace.c"; sourceTree = "<group>"; };
		11E76DB31889BC5200061F45 /* pixie-backtrace.h */ = {isa = PBXFileReference; fileEncoding = 4; lastKnownFileType = sourcecode.c.h; path = "pixie-backtrace.h"; sourceTree = "<group>"; };
/* End PBXFileReference section */

/* Begin PBXFrameworksBuildPhase section */
		11A9218217DBCB3200DDFD32 /* Frameworks */ = {
			isa = PBXFrameworksBuildPhase;
			buildActionMask = 2147483647;
			files = (
			);
			runOnlyForDeploymentPostprocessing = 0;
		};
/* End PBXFrameworksBuildPhase section */

/* Begin PBXGroup section */
		11A9217A17DBCB3200DDFD32 = {
			isa = PBXGroup;
			children = (
				11A921FB17DBD17600DDFD32 /* README.md */,
				11A9219217DBCC7E00DDFD32 /* src */,
				11A9218617DBCB3200DDFD32 /* Products */,
			);
			sourceTree = "<group>";
		};
		11A9218617DBCB3200DDFD32 /* Products */ = {
			isa = PBXGroup;
			children = (
				11A9218517DBCB3200DDFD32 /* masscan */,
			);
			name = Products;
			sourceTree = "<group>";
		};
		11A9219217DBCC7E00DDFD32 /* src */ = {
			isa = PBXGroup;
			children = (
				11A773E91881BFC700B135DE /* crypto-base64.c */,
				11A773EA1881BFC700B135DE /* crypto-base64.h */,
				11B05EA418B9649F009C935E /* crypto-blackrock2.c */,
				11A9219317DBCC7E00DDFD32 /* event-timeout.c */,
				11A9219417DBCC7E00DDFD32 /* event-timeout.h */,
				11A868081816F3A7008E00B8 /* in-binary.c */,
				11A868091816F3A7008E00B8 /* in-binary.h */,
				11A9219517DBCC7E00DDFD32 /* logger.c */,
				11A9219617DBCC7E00DDFD32 /* logger.h */,
				11A9219717DBCC7E00DDFD32 /* main-conf.c */,
				11A9219817DBCC7E00DDFD32 /* main-dedup.c */,
				11A9219917DBCC7E00DDFD32 /* main-dedup.h */,
				11A8680A1816F3A7008E00B8 /* main-globals.h */,
				11A9219A17DBCC7E00DDFD32 /* main-initadapter.c */,
				11B039C017E506B400925E7E /* main-listscan.c */,
				11AC80F517E0ED47001BCE3A /* main-ptrace.c */,
				11AC80F817E0EDA7001BCE3A /* main-ptrace.h */,
				11B05EA518B9649F009C935E /* main-readrange.c */,
				11B05EA918B964A9009C935E /* main-readrange.h */,
				11A8680B1816F3A7008E00B8 /* main-src.c */,
				11A8680C1816F3A7008E00B8 /* main-src.h */,
				11A9219B17DBCC7E00DDFD32 /* main-status.c */,
				11A9219C17DBCC7E00DDFD32 /* main-status.h */,
				11A9219D17DBCC7E00DDFD32 /* main-throttle.c */,
				11A9219E17DBCC7E00DDFD32 /* main-throttle.h */,
				11A9219F17DBCC7E00DDFD32 /* main.c */,
				11A8680D1816F3A7008E00B8 /* masscan-app.c */,
				11A8680E1816F3A7008E00B8 /* masscan-app.h */,
				113AD3B818208A1900D5E067 /* masscan-status.h */,
				11BA295E18902CEE0064A759 /* masscan-version.h */,
				11A921A017DBCC7E00DDFD32 /* masscan.h */,
				11A921A117DBCC7E00DDFD32 /* out-binary.c */,
				11BA295F18902CEE0064A759 /* out-grepable.c */,
				11A50CAD191C128F006D5802 /* out-json.c */,
				11A921A217DBCC7E00DDFD32 /* out-null.c */,
				115C0CA318035BC5004E6CD7 /* out-record.h */,
				11A8680F1816F3A7008E00B8 /* out-redis.c */,
				11A921A317DBCC7E00DDFD32 /* out-text.c */,
				11A921A417DBCC7E00DDFD32 /* out-xml.c */,
				11A921A517DBCC7E00DDFD32 /* output.c */,
				11A921A617DBCC7E00DDFD32 /* output.h */,
				11A921A717DBCC7E00DDFD32 /* packet-queue.h */,
				11E76DB21889BC5200061F45 /* pixie-backtrace.c */,
				11E76DB31889BC5200061F45 /* pixie-backtrace.h */,
				11A868101816F3A7008E00B8 /* pixie-file.c */,
				11A868111816F3A7008E00B8 /* pixie-file.h */,
				11A868121816F3A7008E00B8 /* pixie-sockets.h */,
				11A921A817DBCC7E00DDFD32 /* pixie-threads.c */,
				11A921A917DBCC7E00DDFD32 /* pixie-threads.h */,
				11A921AA17DBCC7E00DDFD32 /* pixie-timer.c */,
				11A921AB17DBCC7E00DDFD32 /* pixie-timer.h */,
				11A921AC17DBCC7E00DDFD32 /* proto-arp.c */,
				11A921AD17DBCC7E00DDFD32 /* proto-arp.h */,
				11A921AE17DBCC7E00DDFD32 /* proto-banner1.c */,
				11A921AF17DBCC7E00DDFD32 /* proto-banner1.h */,
				11B22ED018641DCC00DA5438 /* proto-banout.c */,
				11B22ED118641DCC00DA5438 /* proto-banout.h */,
				115C0CA418035BC5004E6CD7 /* proto-dns-parse.h */,
				11B039C317E7834000925E7E /* proto-dns.c */,
				11B039C417E7834000925E7E /* proto-dns.h */,
				11AC80E717E0DAD4001BCE3A /* proto-http.c */,
				11AC80E817E0DAD4001BCE3A /* proto-http.h */,
				11AC80E917E0DAD4001BCE3A /* proto-icmp.c */,
				11AC80EA17E0DAD4001BCE3A /* proto-icmp.h */,
				115C0CA518035BC5004E6CD7 /* proto-netbios.c */,
				115C0CA618035BC5004E6CD7 /* proto-netbios.h */,
				11BA296A189060220064A759 /* proto-ntp.c */,
				11BA296C189060590064A759 /* proto-ntp.h */,
				11A921B017DBCC7E00DDFD32 /* proto-preprocess.c */,
				11A921B117DBCC7E00DDFD32 /* proto-preprocess.h */,
				11AC2F99188CE34A008CB623 /* proto-sctp.c */,
				11AC2F9A188CE34A008CB623 /* proto-sctp.h */,
				11B039C917EA092B00925E7E /* proto-snmp.c */,
				11B039CA17EA092B00925E7E /* proto-snmp.h */,
				11AC80EB17E0DAD4001BCE3A /* proto-ssh.c */,
				11AC80EC17E0DAD4001BCE3A /* proto-ssh.h */,
				11B22ED218641DCC00DA5438 /* proto-ssl-test.c */,
				115C0CA718035BC5004E6CD7 /* proto-ssl.c */,
				115C0CA818035BC5004E6CD7 /* proto-ssl.h */,
				11BA296018902CEE0064A759 /* proto-tcp-telnet.c */,
				11BA296118902CEE0064A759 /* proto-tcp-telnet.h */,
				11A921B217DBCC7E00DDFD32 /* proto-tcp.c */,
				11A921B317DBCC7E00DDFD32 /* proto-tcp.h */,
				11B039C517E7834000925E7E /* proto-udp.c */,
				11B039C617E7834000925E7E /* proto-udp.h */,
				11B22ED318641DCC00DA5438 /* proto-x509.c */,
				11B22ED418641DCC00DA5438 /* proto-x509.h */,
				11A8681C1819A6F7008E00B8 /* proto-zeroaccess.c */,
				11A8681D1819A6F7008E00B8 /* proto-zeroaccess.h */,
				11A921B417DBCC7E00DDFD32 /* rand-blackrock.c */,
				11A921B517DBCC7E00DDFD32 /* rand-blackrock.h */,
				11A921B617DBCC7E00DDFD32 /* rand-lcg.c */,
				11A921B717DBCC7E00DDFD32 /* rand-lcg.h */,
				11A921B817DBCC7E00DDFD32 /* rand-primegen.c */,
				11A921B917DBCC7E00DDFD32 /* rand-primegen.h */,
				11A921BA17DBCC7E00DDFD32 /* ranges.c */,
				11A921BB17DBCC7E00DDFD32 /* ranges.h */,
				11A921BC17DBCC7E00DDFD32 /* rawsock-arp.c */,
				11A921BD17DBCC7E00DDFD32 /* rawsock-getif.c */,
				11A921BE17DBCC7E00DDFD32 /* rawsock-getip.c */,
				11A921BF17DBCC7E00DDFD32 /* rawsock-getmac.c */,
				11A921C017DBCC7E00DDFD32 /* rawsock-getroute.c */,
				11A921C117DBCC7E00DDFD32 /* rawsock-pcapfile.c */,
				11A921C217DBCC7E00DDFD32 /* rawsock-pcapfile.h */,
				11A921C317DBCC7E00DDFD32 /* rawsock-pfring.c */,
				11A921C417DBCC7E00DDFD32 /* rawsock-pfring.h */,
				11A921C517DBCC7E00DDFD32 /* rawsock.c */,
				11A921C617DBCC7E00DDFD32 /* rawsock.h */,
				11A921C717DBCC7E00DDFD32 /* rte-ring.c */,
				11A921C817DBCC7E00DDFD32 /* rte-ring.h */,
				11BA29681890560C0064A759 /* script-ntp-monlist.c */,
				11BA2966189055CA0064A759 /* script.c */,
				11BA296518904F3A0064A759 /* script.h */,
				11A868131816F3A7008E00B8 /* siphash24.c */,
				11A868141816F3A7008E00B8 /* siphash24.h */,
				11A921C917DBCC7E00DDFD32 /* smack.h */,
				11A921CA17DBCC7E00DDFD32 /* smack1.c */,
				11A921CB17DBCC7E00DDFD32 /* smackqueue.c */,
				11A921CC17DBCC7E00DDFD32 /* smackqueue.h */,
				11A921CD17DBCC7E00DDFD32 /* string_s.c */,
				11A921CE17DBCC7E00DDFD32 /* string_s.h */,
				11A921CF17DBCC7E00DDFD32 /* syn-cookie.c */,
				11A921D017DBCC7E00DDFD32 /* syn-cookie.h */,
				11B2DD9C17DE4DD8007FC363 /* templ-payloads.c */,
				11B2DD9D17DE4DD8007FC363 /* templ-payloads.h */,
				11A921D117DBCC7E00DDFD32 /* templ-pkt.c */,
				11A921D217DBCC7E00DDFD32 /* templ-pkt.h */,
				115C0CA918035BC5004E6CD7 /* templ-port.h */,
				115C0CAA18035BC5004E6CD7 /* unusedparm.h */,
				11A921D317DBCC7E00DDFD32 /* xring.c */,
				11A921D417DBCC7E00DDFD32 /* xring.h */,
				11623F69191E0DB00075EEE6 /* out-certs.c */,
			);
			name = src;
			path = ../src;
			sourceTree = "<group>";
		};
/* End PBXGroup section */

/* Begin PBXNativeTarget section */
		11A9218417DBCB3200DDFD32 /* masscan */ = {
			isa = PBXNativeTarget;
			buildConfigurationList = 11A9218F17DBCB3200DDFD32 /* Build configuration list for PBXNativeTarget "masscan" */;
			buildPhases = (
				11A9218117DBCB3200DDFD32 /* Sources */,
				11A9218217DBCB3200DDFD32 /* Frameworks */,
				11A9218317DBCB3200DDFD32 /* CopyFiles */,
			);
			buildRules = (
			);
			dependencies = (
			);
			name = masscan;
			productName = xcode4;
			productReference = 11A9218517DBCB3200DDFD32 /* masscan */;
			productType = "com.apple.product-type.tool";
		};
/* End PBXNativeTarget section */

/* Begin PBXProject section */
		11A9217C17DBCB3200DDFD32 /* Project object */ = {
			isa = PBXProject;
			attributes = {
				LastUpgradeCheck = 0430;
			};
			buildConfigurationList = 11A9217F17DBCB3200DDFD32 /* Build configuration list for PBXProject "masscan" */;
			compatibilityVersion = "Xcode 3.2";
			developmentRegion = English;
			hasScannedForEncodings = 0;
			knownRegions = (
				en,
			);
			mainGroup = 11A9217A17DBCB3200DDFD32;
			productRefGroup = 11A9218617DBCB3200DDFD32 /* Products */;
			projectDirPath = "";
			projectRoot = "";
			targets = (
				11A9218417DBCB3200DDFD32 /* masscan */,
			);
		};
/* End PBXProject section */

/* Begin PBXSourcesBuildPhase section */
		11A9218117DBCB3200DDFD32 /* Sources */ = {
			isa = PBXSourcesBuildPhase;
			buildActionMask = 2147483647;
			files = (
				11A921D517DBCC7E00DDFD32 /* event-timeout.c in Sources */,
				11A921D617DBCC7E00DDFD32 /* logger.c in Sources */,
				11A921D717DBCC7E00DDFD32 /* main-conf.c in Sources */,
				11A921D817DBCC7E00DDFD32 /* main-dedup.c in Sources */,
				11A921D917DBCC7E00DDFD32 /* main-initadapter.c in Sources */,
				11A921DA17DBCC7E00DDFD32 /* main-status.c in Sources */,
				11A921DB17DBCC7E00DDFD32 /* main-throttle.c in Sources */,
				11A921DC17DBCC7E00DDFD32 /* main.c in Sources */,
				11A921DD17DBCC7E00DDFD32 /* out-binary.c in Sources */,
				11A921DE17DBCC7E00DDFD32 /* out-null.c in Sources */,
				11A921DF17DBCC7E00DDFD32 /* out-text.c in Sources */,
				11A921E017DBCC7E00DDFD32 /* out-xml.c in Sources */,
				11A921E117DBCC7E00DDFD32 /* output.c in Sources */,
				11A921E217DBCC7E00DDFD32 /* pixie-threads.c in Sources */,
				11A921E317DBCC7E00DDFD32 /* pixie-timer.c in Sources */,
				11A921E417DBCC7E00DDFD32 /* proto-arp.c in Sources */,
				11A921E517DBCC7E00DDFD32 /* proto-banner1.c in Sources */,
				11A921E617DBCC7E00DDFD32 /* proto-preprocess.c in Sources */,
				11A921E717DBCC7E00DDFD32 /* proto-tcp.c in Sources */,
				11A921E817DBCC7E00DDFD32 /* rand-blackrock.c in Sources */,
				11A921E917DBCC7E00DDFD32 /* rand-lcg.c in Sources */,
				11A921EA17DBCC7E00DDFD32 /* rand-primegen.c in Sources */,
				11A921EB17DBCC7E00DDFD32 /* ranges.c in Sources */,
				11A921EC17DBCC7E00DDFD32 /* rawsock-arp.c in Sources */,
				11A921ED17DBCC7E00DDFD32 /* rawsock-getif.c in Sources */,
				11A921EE17DBCC7E00DDFD32 /* rawsock-getip.c in Sources */,
				11A921EF17DBCC7E00DDFD32 /* rawsock-getmac.c in Sources */,
				11A921F017DBCC7E00DDFD32 /* rawsock-getroute.c in Sources */,
				11A921F117DBCC7E00DDFD32 /* rawsock-pcapfile.c in Sources */,
				11A921F217DBCC7E00DDFD32 /* rawsock-pfring.c in Sources */,
				11A921F317DBCC7E00DDFD32 /* rawsock.c in Sources */,
				11A921F417DBCC7E00DDFD32 /* rte-ring.c in Sources */,
				11A921F517DBCC7E00DDFD32 /* smack1.c in Sources */,
				11A921F617DBCC7E00DDFD32 /* smackqueue.c in Sources */,
				11A921F717DBCC7E00DDFD32 /* string_s.c in Sources */,
				11A921F817DBCC7E00DDFD32 /* syn-cookie.c in Sources */,
				11A921F917DBCC7E00DDFD32 /* templ-pkt.c in Sources */,
				11A921FA17DBCC7E00DDFD32 /* xring.c in Sources */,
				11B2DD9E17DE4DD8007FC363 /* templ-payloads.c in Sources */,
				11AC80ED17E0DAD4001BCE3A /* proto-http.c in Sources */,
				11AC80EE17E0DAD4001BCE3A /* proto-icmp.c in Sources */,
				11AC80EF17E0DAD4001BCE3A /* proto-ssh.c in Sources */,
				11AC80F617E0ED47001BCE3A /* main-ptrace.c in Sources */,
				11B039C117E506B400925E7E /* main-listscan.c in Sources */,
				11B039C717E7834000925E7E /* proto-dns.c in Sources */,
				11B039C817E7834000925E7E /* proto-udp.c in Sources */,
				11B039CB17EA092B00925E7E /* proto-snmp.c in Sources */,
				115C0CAB18035BC5004E6CD7 /* proto-netbios.c in Sources */,
				115C0CAC18035BC5004E6CD7 /* proto-ssl.c in Sources */,
				11A868151816F3A7008E00B8 /* in-binary.c in Sources */,
				11A868161816F3A7008E00B8 /* main-src.c in Sources */,
				11A868171816F3A7008E00B8 /* masscan-app.c in Sources */,
				11A868181816F3A7008E00B8 /* out-redis.c in Sources */,
				11A868191816F3A7008E00B8 /* pixie-file.c in Sources */,
				11A8681A1816F3A7008E00B8 /* siphash24.c in Sources */,
				11A8681E1819A6F7008E00B8 /* proto-zeroaccess.c in Sources */,
				11B22ED518641DCC00DA5438 /* proto-banout.c in Sources */,
				11B22ED618641DCC00DA5438 /* proto-ssl-test.c in Sources */,
				11B22ED718641DCC00DA5438 /* proto-x509.c in Sources */,
				11A773EB1881BFC700B135DE /* crypto-base64.c in Sources */,
				11E76DB41889BC5200061F45 /* pixie-backtrace.c in Sources */,
				11AC2F9B188CE34A008CB623 /* proto-sctp.c in Sources */,
				11BA296218902CEE0064A759 /* out-grepable.c in Sources */,
				11BA296318902CEE0064A759 /* proto-tcp-telnet.c in Sources */,
				11BA2967189055CA0064A759 /* script.c in Sources */,
				11BA29691890560C0064A759 /* script-ntp-monlist.c in Sources */,
				11BA296B189060220064A759 /* proto-ntp.c in Sources */,
				11B05EA618B9649F009C935E /* crypto-blackrock2.c in Sources */,
				11B05EA718B9649F009C935E /* main-readrange.c in Sources */,
				11A50CAE191C128F006D5802 /* out-json.c in Sources */,
				11623F6A191E0DB00075EEE6 /* out-certs.c in Sources */,
			);
			runOnlyForDeploymentPostprocessing = 0;
		};
/* End PBXSourcesBuildPhase section */

/* Begin XCBuildConfiguration section */
		11A9218D17DBCB3200DDFD32 /* Debug */ = {
			isa = XCBuildConfiguration;
			buildSettings = {
				ALWAYS_SEARCH_USER_PATHS = NO;
				ARCHS = "$(ARCHS_STANDARD_64_BIT)";
				COPY_PHASE_STRIP = NO;
				GCC_C_LANGUAGE_STANDARD = gnu99;
				GCC_DYNAMIC_NO_PIC = NO;
				GCC_ENABLE_OBJC_EXCEPTIONS = YES;
				GCC_OPTIMIZATION_LEVEL = 0;
				GCC_PREPROCESSOR_DEFINITIONS = (
					"DEBUG=1",
					"$(inherited)",
				);
				GCC_SYMBOLS_PRIVATE_EXTERN = NO;
				GCC_VERSION = com.apple.compilers.llvm.clang.1_0;
				GCC_WARN_64_TO_32_BIT_CONVERSION = YES;
				GCC_WARN_ABOUT_RETURN_TYPE = YES;
				GCC_WARN_UNINITIALIZED_AUTOS = YES;
				GCC_WARN_UNUSED_VARIABLE = YES;
				MACOSX_DEPLOYMENT_TARGET = 10.7;
				ONLY_ACTIVE_ARCH = YES;
				SDKROOT = macosx;
			};
			name = Debug;
		};
		11A9218E17DBCB3200DDFD32 /* Release */ = {
			isa = XCBuildConfiguration;
			buildSettings = {
				ALWAYS_SEARCH_USER_PATHS = NO;
				ARCHS = "$(ARCHS_STANDARD_64_BIT)";
				COPY_PHASE_STRIP = YES;
				DEBUG_INFORMATION_FORMAT = "dwarf-with-dsym";
				GCC_C_LANGUAGE_STANDARD = gnu99;
				GCC_ENABLE_OBJC_EXCEPTIONS = YES;
				GCC_VERSION = com.apple.compilers.llvm.clang.1_0;
				GCC_WARN_64_TO_32_BIT_CONVERSION = YES;
				GCC_WARN_ABOUT_RETURN_TYPE = YES;
				GCC_WARN_UNINITIALIZED_AUTOS = YES;
				GCC_WARN_UNUSED_VARIABLE = YES;
				MACOSX_DEPLOYMENT_TARGET = 10.7;
				SDKROOT = macosx;
			};
			name = Release;
		};
		11A9219017DBCB3200DDFD32 /* Debug */ = {
			isa = XCBuildConfiguration;
			buildSettings = {
				CLANG_WARN_SUSPICIOUS_IMPLICIT_CONVERSION = NO;
				CONFIGURATION_BUILD_DIR = ../bin;
				CONFIGURATION_TEMP_DIR = ../tmp;
				GCC_WARN_ABOUT_MISSING_NEWLINE = YES;
				GCC_WARN_ABOUT_MISSING_PROTOTYPES = YES;
				GCC_WARN_SHADOW = YES;
				GCC_WARN_UNDECLARED_SELECTOR = YES;
				GCC_WARN_UNKNOWN_PRAGMAS = YES;
				GCC_WARN_UNUSED_FUNCTION = YES;
				GCC_WARN_UNUSED_LABEL = YES;
				GCC_WARN_UNUSED_PARAMETER = NO;
				OBJROOT = ../tmp;
				OTHER_LDFLAGS = "-lpcap";
				"OTHER_TEST_FLAGS[sdk=*]" = "--selftest";
				PRODUCT_NAME = masscan;
				RUN_CLANG_STATIC_ANALYZER = YES;
				SYMROOT = ../bin;
				TEST_AFTER_BUILD = YES;
			};
			name = Debug;
		};
		11A9219117DBCB3200DDFD32 /* Release */ = {
			isa = XCBuildConfiguration;
			buildSettings = {
				CLANG_WARN_SUSPICIOUS_IMPLICIT_CONVERSION = NO;
				CONFIGURATION_BUILD_DIR = ../bin;
				CONFIGURATION_TEMP_DIR = ../tmp;
				GCC_WARN_ABOUT_MISSING_NEWLINE = YES;
				GCC_WARN_ABOUT_MISSING_PROTOTYPES = YES;
				GCC_WARN_SHADOW = YES;
				GCC_WARN_UNDECLARED_SELECTOR = YES;
				GCC_WARN_UNKNOWN_PRAGMAS = YES;
				GCC_WARN_UNUSED_FUNCTION = YES;
				GCC_WARN_UNUSED_LABEL = YES;
				GCC_WARN_UNUSED_PARAMETER = NO;
				OBJROOT = ../tmp;
				OTHER_LDFLAGS = "-lpcap";
				OTHER_TEST_FLAGS = "--selftest";
				PRODUCT_NAME = masscan;
				SYMROOT = ../bin;
				TEST_AFTER_BUILD = YES;
			};
			name = Release;
		};
/* End XCBuildConfiguration section */

/* Begin XCConfigurationList section */
		11A9217F17DBCB3200DDFD32 /* Build configuration list for PBXProject "masscan" */ = {
			isa = XCConfigurationList;
			buildConfigurations = (
				11A9218D17DBCB3200DDFD32 /* Debug */,
				11A9218E17DBCB3200DDFD32 /* Release */,
			);
			defaultConfigurationIsVisible = 0;
			defaultConfigurationName = Release;
		};
		11A9218F17DBCB3200DDFD32 /* Build configuration list for PBXNativeTarget "masscan" */ = {
			isa = XCConfigurationList;
			buildConfigurations = (
				11A9219017DBCB3200DDFD32 /* Debug */,
				11A9219117DBCB3200DDFD32 /* Release */,
			);
			defaultConfigurationIsVisible = 0;
			defaultConfigurationName = Release;
		};
/* End XCConfigurationList section */
	};
	rootObject = 11A9217C17DBCB3200DDFD32 /* Project object */;
}
